// !$*UTF8*$!
{
	archiveVersion = 1;
	classes = {
	};
	objectVersion = 46;
	objects = {

/* Begin PBXBuildFile section */
		D2FAC2F81D4BB4650035E0F1 /* AppDelegate.swift in Sources */ = {isa = PBXBuildFile; fileRef = D2FAC2F71D4BB4650035E0F1 /* AppDelegate.swift */; };
		D2FAC2FA1D4BB4650035E0F1 /* ViewController.swift in Sources */ = {isa = PBXBuildFile; fileRef = D2FAC2F91D4BB4650035E0F1 /* ViewController.swift */; };
		D2FAC2FD1D4BB4650035E0F1 /* Main.storyboard in Resources */ = {isa = PBXBuildFile; fileRef = D2FAC2FB1D4BB4650035E0F1 /* Main.storyboard */; };
		D2FAC2FF1D4BB4650035E0F1 /* Assets.xcassets in Resources */ = {isa = PBXBuildFile; fileRef = D2FAC2FE1D4BB4650035E0F1 /* Assets.xcassets */; };
		D2FAC3021D4BB4650035E0F1 /* LaunchScreen.storyboard in Resources */ = {isa = PBXBuildFile; fileRef = D2FAC3001D4BB4650035E0F1 /* LaunchScreen.storyboard */; };
		D2FAC30D1D4BB4650035E0F1 /* Pedometer_SwiftTests.swift in Sources */ = {isa = PBXBuildFile; fileRef = D2FAC30C1D4BB4650035E0F1 /* Pedometer_SwiftTests.swift */; };
		D2FAC3181D4BB4650035E0F1 /* Pedometer_SwiftUITests.swift in Sources */ = {isa = PBXBuildFile; fileRef = D2FAC3171D4BB4650035E0F1 /* Pedometer_SwiftUITests.swift */; };
/* End PBXBuildFile section */

/* Begin PBXContainerItemProxy section */
		D2FAC3091D4BB4650035E0F1 /* PBXContainerItemProxy */ = {
			isa = PBXContainerItemProxy;
			containerPortal = D2FAC2EC1D4BB4650035E0F1 /* Project object */;
			proxyType = 1;
			remoteGlobalIDString = D2FAC2F31D4BB4650035E0F1;
			remoteInfo = "Pedometer-Swift";
		};
		D2FAC3141D4BB4650035E0F1 /* PBXContainerItemProxy */ = {
			isa = PBXContainerItemProxy;
			containerPortal = D2FAC2EC1D4BB4650035E0F1 /* Project object */;
			proxyType = 1;
			remoteGlobalIDString = D2FAC2F31D4BB4650035E0F1;
			remoteInfo = "Pedometer-Swift";
		};
/* End PBXContainerItemProxy section */

/* Begin PBXFileReference section */
		D2FAC2F41D4BB4650035E0F1 /* Pedometer-Swift.app */ = {isa = PBXFileReference; explicitFileType = wrapper.application; includeInIndex = 0; path = "Pedometer-Swift.app"; sourceTree = BUILT_PRODUCTS_DIR; };
		D2FAC2F71D4BB4650035E0F1 /* AppDelegate.swift */ = {isa = PBXFileReference; lastKnownFileType = sourcecode.swift; path = AppDelegate.swift; sourceTree = "<group>"; };
		D2FAC2F91D4BB4650035E0F1 /* ViewController.swift */ = {isa = PBXFileReference; lastKnownFileType = sourcecode.swift; path = ViewController.swift; sourceTree = "<group>"; };
		D2FAC2FC1D4BB4650035E0F1 /* Base */ = {isa = PBXFileReference; lastKnownFileType = file.storyboard; name = Base; path = Base.lproj/Main.storyboard; sourceTree = "<group>"; };
		D2FAC2FE1D4BB4650035E0F1 /* Assets.xcassets */ = {isa = PBXFileReference; lastKnownFileType = folder.assetcatalog; path = Assets.xcassets; sourceTree = "<group>"; };
		D2FAC3011D4BB4650035E0F1 /* Base */ = {isa = PBXFileReference; lastKnownFileType = file.storyboard; name = Base; path = Base.lproj/LaunchScreen.storyboard; sourceTree = "<group>"; };
		D2FAC3031D4BB4650035E0F1 /* Info.plist */ = {isa = PBXFileReference; lastKnownFileType = text.plist.xml; path = Info.plist; sourceTree = "<group>"; };
		D2FAC3081D4BB4650035E0F1 /* Pedometer-SwiftTests.xctest */ = {isa = PBXFileReference; explicitFileType = wrapper.cfbundle; includeInIndex = 0; path = "Pedometer-SwiftTests.xctest"; sourceTree = BUILT_PRODUCTS_DIR; };
		D2FAC30C1D4BB4650035E0F1 /* Pedometer_SwiftTests.swift */ = {isa = PBXFileReference; lastKnownFileType = sourcecode.swift; path = Pedometer_SwiftTests.swift; sourceTree = "<group>"; };
		D2FAC30E1D4BB4650035E0F1 /* Info.plist */ = {isa = PBXFileReference; lastKnownFileType = text.plist.xml; path = Info.plist; sourceTree = "<group>"; };
		D2FAC3131D4BB4650035E0F1 /* Pedometer-SwiftUITests.xctest */ = {isa = PBXFileReference; explicitFileType = wrapper.cfbundle; includeInIndex = 0; path = "Pedometer-SwiftUITests.xctest"; sourceTree = BUILT_PRODUCTS_DIR; };
		D2FAC3171D4BB4650035E0F1 /* Pedometer_SwiftUITests.swift */ = {isa = PBXFileReference; lastKnownFileType = sourcecode.swift; path = Pedometer_SwiftUITests.swift; sourceTree = "<group>"; };
		D2FAC3191D4BB4650035E0F1 /* Info.plist */ = {isa = PBXFileReference; lastKnownFileType = text.plist.xml; path = Info.plist; sourceTree = "<group>"; };
/* End PBXFileReference section */

/* Begin PBXFrameworksBuildPhase section */
		D2FAC2F11D4BB4650035E0F1 /* Frameworks */ = {
			isa = PBXFrameworksBuildPhase;
			buildActionMask = 2147483647;
			files = (
			);
			runOnlyForDeploymentPostprocessing = 0;
		};
		D2FAC3051D4BB4650035E0F1 /* Frameworks */ = {
			isa = PBXFrameworksBuildPhase;
			buildActionMask = 2147483647;
			files = (
			);
			runOnlyForDeploymentPostprocessing = 0;
		};
		D2FAC3101D4BB4650035E0F1 /* Frameworks */ = {
			isa = PBXFrameworksBuildPhase;
			buildActionMask = 2147483647;
			files = (
			);
			runOnlyForDeploymentPostprocessing = 0;
		};
/* End PBXFrameworksBuildPhase section */

/* Begin PBXGroup section */
		D2FAC2EB1D4BB4650035E0F1 = {
			isa = PBXGroup;
			children = (
				D2FAC2F61D4BB4650035E0F1 /* Pedometer-Swift */,
				D2FAC30B1D4BB4650035E0F1 /* Pedometer-SwiftTests */,
				D2FAC3161D4BB4650035E0F1 /* Pedometer-SwiftUITests */,
				D2FAC2F51D4BB4650035E0F1 /* Products */,
			);
			sourceTree = "<group>";
		};
		D2FAC2F51D4BB4650035E0F1 /* Products */ = {
			isa = PBXGroup;
			children = (
				D2FAC2F41D4BB4650035E0F1 /* Pedometer-Swift.app */,
				D2FAC3081D4BB4650035E0F1 /* Pedometer-SwiftTests.xctest */,
				D2FAC3131D4BB4650035E0F1 /* Pedometer-SwiftUITests.xctest */,
			);
			name = Products;
			sourceTree = "<group>";
		};
		D2FAC2F61D4BB4650035E0F1 /* Pedometer-Swift */ = {
			isa = PBXGroup;
			children = (
				D2FAC2F71D4BB4650035E0F1 /* AppDelegate.swift */,
				D2FAC2F91D4BB4650035E0F1 /* ViewController.swift */,
				D2FAC2FB1D4BB4650035E0F1 /* Main.storyboard */,
				D2FAC2FE1D4BB4650035E0F1 /* Assets.xcassets */,
				D2FAC3001D4BB4650035E0F1 /* LaunchScreen.storyboard */,
				D2FAC3031D4BB4650035E0F1 /* Info.plist */,
			);
			path = "Pedometer-Swift";
			sourceTree = "<group>";
		};
		D2FAC30B1D4BB4650035E0F1 /* Pedometer-SwiftTests */ = {
			isa = PBXGroup;
			children = (
				D2FAC30C1D4BB4650035E0F1 /* Pedometer_SwiftTests.swift */,
				D2FAC30E1D4BB4650035E0F1 /* Info.plist */,
			);
			path = "Pedometer-SwiftTests";
			sourceTree = "<group>";
		};
		D2FAC3161D4BB4650035E0F1 /* Pedometer-SwiftUITests */ = {
			isa = PBXGroup;
			children = (
				D2FAC3171D4BB4650035E0F1 /* Pedometer_SwiftUITests.swift */,
				D2FAC3191D4BB4650035E0F1 /* Info.plist */,
			);
			path = "Pedometer-SwiftUITests";
			sourceTree = "<group>";
		};
/* End PBXGroup section */

/* Begin PBXNativeTarget section */
		D2FAC2F31D4BB4650035E0F1 /* Pedometer-Swift */ = {
			isa = PBXNativeTarget;
			buildConfigurationList = D2FAC31C1D4BB4650035E0F1 /* Build configuration list for PBXNativeTarget "Pedometer-Swift" */;
			buildPhases = (
				D2FAC2F01D4BB4650035E0F1 /* Sources */,
				D2FAC2F11D4BB4650035E0F1 /* Frameworks */,
				D2FAC2F21D4BB4650035E0F1 /* Resources */,
			);
			buildRules = (
			);
			dependencies = (
			);
			name = "Pedometer-Swift";
			productName = "Pedometer-Swift";
			productReference = D2FAC2F41D4BB4650035E0F1 /* Pedometer-Swift.app */;
			productType = "com.apple.product-type.application";
		};
		D2FAC3071D4BB4650035E0F1 /* Pedometer-SwiftTests */ = {
			isa = PBXNativeTarget;
			buildConfigurationList = D2FAC31F1D4BB4650035E0F1 /* Build configuration list for PBXNativeTarget "Pedometer-SwiftTests" */;
			buildPhases = (
				D2FAC3041D4BB4650035E0F1 /* Sources */,
				D2FAC3051D4BB4650035E0F1 /* Frameworks */,
				D2FAC3061D4BB4650035E0F1 /* Resources */,
			);
			buildRules = (
			);
			dependencies = (
				D2FAC30A1D4BB4650035E0F1 /* PBXTargetDependency */,
			);
			name = "Pedometer-SwiftTests";
			productName = "Pedometer-SwiftTests";
			productReference = D2FAC3081D4BB4650035E0F1 /* Pedometer-SwiftTests.xctest */;
			productType = "com.apple.product-type.bundle.unit-test";
		};
		D2FAC3121D4BB4650035E0F1 /* Pedometer-SwiftUITests */ = {
			isa = PBXNativeTarget;
			buildConfigurationList = D2FAC3221D4BB4650035E0F1 /* Build configuration list for PBXNativeTarget "Pedometer-SwiftUITests" */;
			buildPhases = (
				D2FAC30F1D4BB4650035E0F1 /* Sources */,
				D2FAC3101D4BB4650035E0F1 /* Frameworks */,
				D2FAC3111D4BB4650035E0F1 /* Resources */,
			);
			buildRules = (
			);
			dependencies = (
				D2FAC3151D4BB4650035E0F1 /* PBXTargetDependency */,
			);
			name = "Pedometer-SwiftUITests";
			productName = "Pedometer-SwiftUITests";
			productReference = D2FAC3131D4BB4650035E0F1 /* Pedometer-SwiftUITests.xctest */;
			productType = "com.apple.product-type.bundle.ui-testing";
		};
/* End PBXNativeTarget section */

/* Begin PBXProject section */
		D2FAC2EC1D4BB4650035E0F1 /* Project object */ = {
			isa = PBXProject;
			attributes = {
				LastSwiftUpdateCheck = 0730;
				LastUpgradeCheck = 0730;
				ORGANIZATIONNAME = "Pinkstone Pictures LLC";
				TargetAttributes = {
					D2FAC2F31D4BB4650035E0F1 = {
						CreatedOnToolsVersion = 7.3;
					};
					D2FAC3071D4BB4650035E0F1 = {
						CreatedOnToolsVersion = 7.3;
						TestTargetID = D2FAC2F31D4BB4650035E0F1;
					};
					D2FAC3121D4BB4650035E0F1 = {
						CreatedOnToolsVersion = 7.3;
						TestTargetID = D2FAC2F31D4BB4650035E0F1;
					};
				};
			};
			buildConfigurationList = D2FAC2EF1D4BB4650035E0F1 /* Build configuration list for PBXProject "Pedometer-Swift" */;
			compatibilityVersion = "Xcode 3.2";
			developmentRegion = English;
			hasScannedForEncodings = 0;
			knownRegions = (
				en,
				Base,
			);
			mainGroup = D2FAC2EB1D4BB4650035E0F1;
			productRefGroup = D2FAC2F51D4BB4650035E0F1 /* Products */;
			projectDirPath = "";
			projectRoot = "";
			targets = (
				D2FAC2F31D4BB4650035E0F1 /* Pedometer-Swift */,
				D2FAC3071D4BB4650035E0F1 /* Pedometer-SwiftTests */,
				D2FAC3121D4BB4650035E0F1 /* Pedometer-SwiftUITests */,
			);
		};
/* End PBXProject section */

/* Begin PBXResourcesBuildPhase section */
		D2FAC2F21D4BB4650035E0F1 /* Resources */ = {
			isa = PBXResourcesBuildPhase;
			buildActionMask = 2147483647;
			files = (
				D2FAC3021D4BB4650035E0F1 /* LaunchScreen.storyboard in Resources */,
				D2FAC2FF1D4BB4650035E0F1 /* Assets.xcassets in Resources */,
				D2FAC2FD1D4BB4650035E0F1 /* Main.storyboard in Resources */,
			);
			runOnlyForDeploymentPostprocessing = 0;
		};
		D2FAC3061D4BB4650035E0F1 /* Resources */ = {
			isa = PBXResourcesBuildPhase;
			buildActionMask = 2147483647;
			files = (
			);
			runOnlyForDeploymentPostprocessing = 0;
		};
		D2FAC3111D4BB4650035E0F1 /* Resources */ = {
			isa = PBXResourcesBuildPhase;
			buildActionMask = 2147483647;
			files = (
			);
			runOnlyForDeploymentPostprocessing = 0;
		};
/* End PBXResourcesBuildPhase section */

/* Begin PBXSourcesBuildPhase section */
		D2FAC2F01D4BB4650035E0F1 /* Sources */ = {
			isa = PBXSourcesBuildPhase;
			buildActionMask = 2147483647;
			files = (
				D2FAC2FA1D4BB4650035E0F1 /* ViewController.swift in Sources */,
				D2FAC2F81D4BB4650035E0F1 /* AppDelegate.swift in Sources */,
			);
			runOnlyForDeploymentPostprocessing = 0;
		};
		D2FAC3041D4BB4650035E0F1 /* Sources */ = {
			isa = PBXSourcesBuildPhase;
			buildActionMask = 2147483647;
			files = (
				D2FAC30D1D4BB4650035E0F1 /* Pedometer_SwiftTests.swift in Sources */,
			);
			runOnlyForDeploymentPostprocessing = 0;
		};
		D2FAC30F1D4BB4650035E0F1 /* Sources */ = {
			isa = PBXSourcesBuildPhase;
			buildActionMask = 2147483647;
			files = (
				D2FAC3181D4BB4650035E0F1 /* Pedometer_SwiftUITests.swift in Sources */,
			);
			runOnlyForDeploymentPostprocessing = 0;
		};
/* End PBXSourcesBuildPhase section */

/* Begin PBXTargetDependency section */
		D2FAC30A1D4BB4650035E0F1 /* PBXTargetDependency */ = {
			isa = PBXTargetDependency;
			target = D2FAC2F31D4BB4650035E0F1 /* Pedometer-Swift */;
			targetProxy = D2FAC3091D4BB4650035E0F1 /* PBXContainerItemProxy */;
		};
		D2FAC3151D4BB4650035E0F1 /* PBXTargetDependency */ = {
			isa = PBXTargetDependency;
			target = D2FAC2F31D4BB4650035E0F1 /* Pedometer-Swift */;
			targetProxy = D2FAC3141D4BB4650035E0F1 /* PBXContainerItemProxy */;
		};
/* End PBXTargetDependency section */

/* Begin PBXVariantGroup section */
		D2FAC2FB1D4BB4650035E0F1 /* Main.storyboard */ = {
			isa = PBXVariantGroup;
			children = (
				D2FAC2FC1D4BB4650035E0F1 /* Base */,
			);
			name = Main.storyboard;
			sourceTree = "<group>";
		};
		D2FAC3001D4BB4650035E0F1 /* LaunchScreen.storyboard */ = {
			isa = PBXVariantGroup;
			children = (
				D2FAC3011D4BB4650035E0F1 /* Base */,
			);
			name = LaunchScreen.storyboard;
			sourceTree = "<group>";
		};
/* End PBXVariantGroup section */

/* Begin XCBuildConfiguration section */
		D2FAC31A1D4BB4650035E0F1 /* Debug */ = {
			isa = XCBuildConfiguration;
			buildSettings = {
				ALWAYS_SEARCH_USER_PATHS = NO;
				CLANG_ANALYZER_NONNULL = YES;
				CLANG_CXX_LANGUAGE_STANDARD = "gnu++0x";
				CLANG_CXX_LIBRARY = "libc++";
				CLANG_ENABLE_MODULES = YES;
				CLANG_ENABLE_OBJC_ARC = YES;
				CLANG_WARN_BOOL_CONVERSION = YES;
				CLANG_WARN_CONSTANT_CONVERSION = YES;
				CLANG_WARN_DIRECT_OBJC_ISA_USAGE = YES_ERROR;
				CLANG_WARN_EMPTY_BODY = YES;
				CLANG_WARN_ENUM_CONVERSION = YES;
				CLANG_WARN_INT_CONVERSION = YES;
				CLANG_WARN_OBJC_ROOT_CLASS = YES_ERROR;
				CLANG_WARN_UNREACHABLE_CODE = YES;
				CLANG_WARN__DUPLICATE_METHOD_MATCH = YES;
				"CODE_SIGN_IDENTITY[sdk=iphoneos*]" = "iPhone Developer";
				COPY_PHASE_STRIP = NO;
				DEBUG_INFORMATION_FORMAT = dwarf;
				ENABLE_STRICT_OBJC_MSGSEND = YES;
				ENABLE_TESTABILITY = YES;
				GCC_C_LANGUAGE_STANDARD = gnu99;
				GCC_DYNAMIC_NO_PIC = NO;
				GCC_NO_COMMON_BLOCKS = YES;
				GCC_OPTIMIZATION_LEVEL = 0;
				GCC_PREPROCESSOR_DEFINITIONS = (
					"DEBUG=1",
					"$(inherited)",
				);
				GCC_WARN_64_TO_32_BIT_CONVERSION = YES;
				GCC_WARN_ABOUT_RETURN_TYPE = YES_ERROR;
				GCC_WARN_UNDECLARED_SELECTOR = YES;
				GCC_WARN_UNINITIALIZED_AUTOS = YES_AGGRESSIVE;
				GCC_WARN_UNUSED_FUNCTION = YES;
				GCC_WARN_UNUSED_VARIABLE = YES;
				IPHONEOS_DEPLOYMENT_TARGET = 9.3;
				MTL_ENABLE_DEBUG_INFO = YES;
				ONLY_ACTIVE_ARCH = YES;
				SDKROOT = iphoneos;
				SWIFT_OPTIMIZATION_LEVEL = "-Onone";
			};
			name = Debug;
		};
		D2FAC31B1D4BB4650035E0F1 /* Release */ = {
			isa = XCBuildConfiguration;
			buildSettings = {
				ALWAYS_SEARCH_USER_PATHS = NO;
				CLANG_ANALYZER_NONNULL = YES;
				CLANG_CXX_LANGUAGE_STANDARD = "gnu++0x";
				CLANG_CXX_LIBRARY = "libc++";
				CLANG_ENABLE_MODULES = YES;
				CLANG_ENABLE_OBJC_ARC = YES;
				CLANG_WARN_BOOL_CONVERSION = YES;
				CLANG_WARN_CONSTANT_CONVERSION = YES;
				CLANG_WARN_DIRECT_OBJC_ISA_USAGE = YES_ERROR;
				CLANG_WARN_EMPTY_BODY = YES;
				CLANG_WARN_ENUM_CONVERSION = YES;
				CLANG_WARN_INT_CONVERSION = YES;
				CLANG_WARN_OBJC_ROOT_CLASS = YES_ERROR;
				CLANG_WARN_UNREACHABLE_CODE = YES;
				CLANG_WARN__DUPLICATE_METHOD_MATCH = YES;
				"CODE_SIGN_IDENTITY[sdk=iphoneos*]" = "iPhone Developer";
				COPY_PHASE_STRIP = NO;
				DEBUG_INFORMATION_FORMAT = "dwarf-with-dsym";
				ENABLE_NS_ASSERTIONS = NO;
				ENABLE_STRICT_OBJC_MSGSEND = YES;
				GCC_C_LANGUAGE_STANDARD = gnu99;
				GCC_NO_COMMON_BLOCKS = YES;
				GCC_WARN_64_TO_32_BIT_CONVERSION = YES;
				GCC_WARN_ABOUT_RETURN_TYPE = YES_ERROR;
				GCC_WARN_UNDECLARED_SELECTOR = YES;
				GCC_WARN_UNINITIALIZED_AUTOS = YES_AGGRESSIVE;
				GCC_WARN_UNUSED_FUNCTION = YES;
				GCC_WARN_UNUSED_VARIABLE = YES;
				IPHONEOS_DEPLOYMENT_TARGET = 9.3;
				MTL_ENABLE_DEBUG_INFO = NO;
				SDKROOT = iphoneos;
				VALIDATE_PRODUCT = YES;
			};
			name = Release;
		};
		D2FAC31D1D4BB4650035E0F1 /* Debug */ = {
			isa = XCBuildConfiguration;
			buildSettings = {
				ASSETCATALOG_COMPILER_APPICON_NAME = AppIcon;
				INFOPLIST_FILE = "Pedometer-Swift/Info.plist";
				LD_RUNPATH_SEARCH_PATHS = "$(inherited) @executable_path/Frameworks";
				PRODUCT_BUNDLE_IDENTIFIER = "com.versluis.Pedometer-Swift";
				PRODUCT_NAME = "$(TARGET_NAME)";
			};
			name = Debug;
		};
		D2FAC31E1D4BB4650035E0F1 /* Release */ = {
			isa = XCBuildConfiguration;
			buildSettings = {
				ASSETCATALOG_COMPILER_APPICON_NAME = AppIcon;
				INFOPLIST_FILE = "Pedometer-Swift/Info.plist";
				LD_RUNPATH_SEARCH_PATHS = "$(inherited) @executable_path/Frameworks";
				PRODUCT_BUNDLE_IDENTIFIER = "com.versluis.Pedometer-Swift";
				PRODUCT_NAME = "$(TARGET_NAME)";
			};
			name = Release;
		};
		D2FAC3201D4BB4650035E0F1 /* Debug */ = {
			isa = XCBuildConfiguration;
			buildSettings = {
				BUNDLE_LOADER = "$(TEST_HOST)";
				INFOPLIST_FILE = "Pedometer-SwiftTests/Info.plist";
				LD_RUNPATH_SEARCH_PATHS = "$(inherited) @executable_path/Frameworks @loader_path/Frameworks";
				PRODUCT_BUNDLE_IDENTIFIER = "com.versluis.Pedometer-SwiftTests";
				PRODUCT_NAME = "$(TARGET_NAME)";
				TEST_HOST = "$(BUILT_PRODUCTS_DIR)/Pedometer-Swift.app/Pedometer-Swift";
			};
			name = Debug;
		};
		D2FAC3211D4BB4650035E0F1 /* Release */ = {
			isa = XCBuildConfiguration;
			buildSettings = {
				BUNDLE_LOADER = "$(TEST_HOST)";
				INFOPLIST_FILE = "Pedometer-SwiftTests/Info.plist";
				LD_RUNPATH_SEARCH_PATHS = "$(inherited) @executable_path/Frameworks @loader_path/Frameworks";
				PRODUCT_BUNDLE_IDENTIFIER = "com.versluis.Pedometer-SwiftTests";
				PRODUCT_NAME = "$(TARGET_NAME)";
				TEST_HOST = "$(BUILT_PRODUCTS_DIR)/Pedometer-Swift.app/Pedometer-Swift";
			};
			name = Release;
		};
		D2FAC3231D4BB4650035E0F1 /* Debug */ = {
			isa = XCBuildConfiguration;
			buildSettings = {
				INFOPLIST_FILE = "Pedometer-SwiftUITests/Info.plist";
				LD_RUNPATH_SEARCH_PATHS = "$(inherited) @executable_path/Frameworks @loader_path/Frameworks";
				PRODUCT_BUNDLE_IDENTIFIER = "com.versluis.Pedometer-SwiftUITests";
				PRODUCT_NAME = "$(TARGET_NAME)";
				TEST_TARGET_NAME = "Pedometer-Swift";
			};
			name = Debug;
		};
		D2FAC3241D4BB4650035E0F1 /* Release */ = {
			isa = XCBuildConfiguration;
			buildSettings = {
				INFOPLIST_FILE = "Pedometer-SwiftUITests/Info.plist";
				LD_RUNPATH_SEARCH_PATHS = "$(inherited) @executable_path/Frameworks @loader_path/Frameworks";
				PRODUCT_BUNDLE_IDENTIFIER = "com.versluis.Pedometer-SwiftUITests";
				PRODUCT_NAME = "$(TARGET_NAME)";
				TEST_TARGET_NAME = "Pedometer-Swift";
			};
			name = Release;
		};
/* End XCBuildConfiguration section */

/* Begin XCConfigurationList section */
		D2FAC2EF1D4BB4650035E0F1 /* Build configuration list for PBXProject "Pedometer-Swift" */ = {
			isa = XCConfigurationList;
			buildConfigurations = (
				D2FAC31A1D4BB4650035E0F1 /* Debug */,
				D2FAC31B1D4BB4650035E0F1 /* Release */,
			);
			defaultConfigurationIsVisible = 0;
			defaultConfigurationName = Release;
		};
		D2FAC31C1D4BB4650035E0F1 /* Build configuration list for PBXNativeTarget "Pedometer-Swift" */ = {
			isa = XCConfigurationList;
			buildConfigurations = (
				D2FAC31D1D4BB4650035E0F1 /* Debug */,
				D2FAC31E1D4BB4650035E0F1 /* Release */,
			);
			defaultConfigurationIsVisible = 0;
		};
		D2FAC31F1D4BB4650035E0F1 /* Build configuration list for PBXNativeTarget "Pedometer-SwiftTests" */ = {
			isa = XCConfigurationList;
			buildConfigurations = (
				D2FAC3201D4BB4650035E0F1 /* Debug */,
				D2FAC3211D4BB4650035E0F1 /* Release */,
			);
			defaultConfigurationIsVisible = 0;
		};
		D2FAC3221D4BB4650035E0F1 /* Build configuration list for PBXNativeTarget "Pedometer-SwiftUITests" */ = {
			isa = XCConfigurationList;
			buildConfigurations = (
				D2FAC3231D4BB4650035E0F1 /* Debug */,
				D2FAC3241D4BB4650035E0F1 /* Release */,
			);
			defaultConfigurationIsVisible = 0;
		};
/* End XCConfigurationList section */
	};
	rootObject = D2FAC2EC1D4BB4650035E0F1 /* Project object */;
}
